<?xml version="1.0" encoding="utf-8"?>
<Project ToolsVersion="4.0" xmlns="http://schemas.microsoft.com/developer/msbuild/2003">
  <ItemGroup>
    <ClCompile Include="Framework\console.cpp" />
    <ClCompile Include="Framework\timer.cpp" />
    <ClCompile Include="game.cpp" />
    <ClCompile Include="image.cpp" />
    <ClCompile Include="main.cpp" />
    <ClCompile Include="map.cpp" />
    <ClCompile Include="position.cpp" />
    <ClCompile Include="Mask.cpp" />
    <ClCompile Include="entity.cpp" />
    <ClCompile Include="player.cpp" />
    <ClCompile Include="virus.cpp" />
  </ItemGroup>
  <ItemGroup>
    <ClInclude Include="Framework\console.h">
      <Filter>Header Files</Filter>
    </ClInclude>
    <ClInclude Include="entity.h">
      <Filter>Header Files</Filter>
    </ClInclude>
    <ClInclude Include="game.h">
      <Filter>Header Files</Filter>
    </ClInclude>
    <ClInclude Include="image.h">
      <Filter>Header Files</Filter>
    </ClInclude>
    <ClInclude Include="map.h">
      <Filter>Header Files</Filter>
    </ClInclude>
    <ClInclude Include="Mask.h">
      <Filter>Header Files</Filter>
    </ClInclude>
    <ClInclude Include="player.h">
      <Filter>Header Files</Filter>
    </ClInclude>
    <ClInclude Include="position.h">
      <Filter>Header Files</Filter>
    </ClInclude>
    <ClInclude Include="Framework\timer.h">
      <Filter>Header Files</Filter>
    </ClInclude>
    <ClInclude Include="virus.h">
      <Filter>Header Files</Filter>
    </ClInclude>
  </ItemGroup>
  <ItemGroup>
    <Filter Include="Header Files">
      <UniqueIdentifier>{6894fbbf-c0d7-4ff5-bdad-759f9f65c76a}</UniqueIdentifier>
    </Filter>
  </ItemGroup>
</Project>