<?xml version="1.0" encoding="utf-8"?>
<Project ToolsVersion="4.0" xmlns="http://schemas.microsoft.com/developer/msbuild/2003">
  <ItemGroup>
    <ClCompile Include="Framework\console.cpp" />
    <ClCompile Include="Framework\timer.cpp" />
    <ClCompile Include="game.cpp" />
    <ClCompile Include="image.cpp" />
    <ClCompile Include="main.cpp" />
    <ClCompile Include="map.cpp" />
    <ClCompile Include="position.cpp" />
    <ClCompile Include="Mask.cpp" />
    <ClCompile Include="entity.cpp" />
    <ClCompile Include="player.cpp" />
  </ItemGroup>
  <ItemGroup>
    <ClInclude Include="Framework\console.h" />
    <ClInclude Include="Framework\timer.h" />
    <ClInclude Include="game.h" />
    <ClInclude Include="image.h" />
    <ClInclude Include="map.h" />
    <ClInclude Include="position.h" />
    <ClInclude Include="Mask.h" />
    <ClInclude Include="entity.h" />
    <ClInclude Include="player.h" />
  </ItemGroup>
</Project>